github.com/BurntSushi/toml v0.3.1/go.mod h1:xHWCNGjB5oqiDr8zfno3MHue2Ht5sIBksp03qcyfWMU=
github.com/bogem/id3v2 v1.2.0 h1:hKDF+F1gOgQ5r1QmBCEZUk4MveJbKxCeIDSBU7CQ4oI=
github.com/bogem/id3v2 v1.2.0/go.mod h1:t78PK5AQ56Q47kizpYiV6gtjj3jfxlz87oFpty8DYs8=
github.com/cjsmocjsmo/ampgosetup v0.0.0-20210512085052-947bf7a650a8 h1:SbN0GYlE9B6fdWTxPnsGHYqBnJdM5reQQYXJQzm8gz4=
github.com/cjsmocjsmo/ampgosetup v0.0.0-20210512085052-947bf7a650a8/go.mod h1:Acc+UTNUzJzI/0yjI0alg0cmbnAtdTv31A63/4MYPgM=
github.com/cjsmocjsmo/ampgosetup v0.0.1 h1:2s0B15UoLfrgQ+T98QbuXOe9k49j1Hq2+8am5RZP1wk=
github.com/cjsmocjsmo/ampgosetup v0.0.1/go.mod h1:Acc+UTNUzJzI/0yjI0alg0cmbnAtdTv31A63/4MYPgM=
github.com/cjsmocjsmo/ampgosetup v0.0.2 h1:VP2Om5q1LbnYx1xFiLD0hZtcZqc5HkCxFUPh0pFtWwM=
github.com/cjsmocjsmo/ampgosetup v0.0.2/go.mod h1:Acc+UTNUzJzI/0yjI0alg0cmbnAtdTv31A63/4MYPgM=
github.com/cjsmocjsmo/ampgosetup v0.0.3 h1:Lx/56y2ftfy5IuxwDZfmExMwucBSLfLTwrVZDlsZ9Dw=
github.com/cjsmocjsmo/ampgosetup v0.0.3/go.mod h1:Acc+UTNUzJzI/0yjI0alg0cmbnAtdTv31A63/4MYPgM=
github.com/cjsmocjsmo/ampgosetup v0.0.4 h1:CZokE4KPfhIGWWbCugRpIjDQJIZv4gRYg+GNw0CmBKQ=
github.com/cjsmocjsmo/ampgosetup v0.0.4/go.mod h1:Acc+UTNUzJzI/0yjI0alg0cmbnAtdTv31A63/4MYPgM=
github.com/cjsmocjsmo/ampgosetup v0.0.5 h1:PKyqWBSACnQuf/Rnr7L5iByfcckM3mQlw2tKUatb7VM=
github.com/cjsmocjsmo/ampgosetup v0.0.5/go.mod h1:Acc+UTNUzJzI/0yjI0alg0cmbnAtdTv31A63/4MYPgM=
github.com/cjsmocjsmo/ampgosetup v0.0.6 h1:QuG342Nv/prlEK/Z8VEufuQ3APl2rqkx4l45PWRUj74=
github.com/cjsmocjsmo/ampgosetup v0.0.6/go.mod h1:Acc+UTNUzJzI/0yjI0alg0cmbnAtdTv31A63/4MYPgM=
github.com/cjsmocjsmo/ampgosetup v0.0.7 h1:s4eKjQNe4AfzOcO78WxKY62zfl/YLjAxD3T/HXm1UtE=
github.com/cjsmocjsmo/ampgosetup v0.0.7/go.mod h1:Acc+UTNUzJzI/0yjI0alg0cmbnAtdTv31A63/4MYPgM=
github.com/cjsmocjsmo/ampgosetup v0.0.8 h1:/UkcfhaMipqiRK5lyiUQEJqqrsmJAaP1r6Zh76sWhhA=
github.com/cjsmocjsmo/ampgosetup v0.0.8/go.mod h1:Acc+UTNUzJzI/0yjI0alg0cmbnAtdTv31A63/4MYPgM=
github.com/cjsmocjsmo/ampgosetup v0.0.9 h1:kzdqg2ajEyUgL1Q+0OUSm22teyrn3MNc3k5MASoYqKU=
github.com/cjsmocjsmo/ampgosetup v0.0.9/go.mod h1:Acc+UTNUzJzI/0yjI0alg0cmbnAtdTv31A63/4MYPgM=
github.com/cjsmocjsmo/ampgosetup v0.0.10 h1:e+jN4wXtDezd35laBiTfEx4Esf1BNBaTU2EMCJkh/d0=
github.com/cjsmocjsmo/ampgosetup v0.0.10/go.mod h1:Acc+UTNUzJzI/0yjI0alg0cmbnAtdTv31A63/4MYPgM=
github.com/cjsmocjsmo/ampgosetup v0.0.11 h1:m/K1wcPbrW6LKDhGhdn695FKLaSDIsc8ryxtsNWwff0=
github.com/cjsmocjsmo/ampgosetup v0.0.11/go.mod h1:Acc+UTNUzJzI/0yjI0alg0cmbnAtdTv31A63/4MYPgM=
github.com/cjsmocjsmo/ampgosetup v0.0.12 h1:S3RV/7A6u9bved1d+/pTmzu/B/MjdRJqspHn7whHCuk=
github.com/cjsmocjsmo/ampgosetup v0.0.12/go.mod h1:Acc+UTNUzJzI/0yjI0alg0cmbnAtdTv31A63/4MYPgM=
github.com/cjsmocjsmo/ampgosetup v0.0.13 h1:h38It8ZCsZw2CvoEQ7IqTL6GCl5Z6WoVSua7hGdo880=
github.com/cjsmocjsmo/ampgosetup v0.0.13/go.mod h1:Acc+UTNUzJzI/0yjI0alg0cmbnAtdTv31A63/4MYPgM=
github.com/cjsmocjsmo/ampgosetup v0.0.14 h1:1Ocqk19gBXj/hkWpeIoiQEAEl65C76PbyubtnPrb3hk=
github.com/cjsmocjsmo/ampgosetup v0.0.14/go.mod h1:Acc+UTNUzJzI/0yjI0alg0cmbnAtdTv31A63/4MYPgM=
github.com/cjsmocjsmo/ampgosetup v0.0.15 h1:P6V/KyCsfNKMnd44V2S/Hq8iC1HYpy6r+88tizllFWQ=
github.com/cjsmocjsmo/ampgosetup v0.0.15/go.mod h1:Acc+UTNUzJzI/0yjI0alg0cmbnAtdTv31A63/4MYPgM=
github.com/cjsmocjsmo/ampgosetup v0.0.16 h1:Y4MQazPkAqzQhus2HDCNnRM8CFzPJc93KDO+J6R10zs=
github.com/cjsmocjsmo/ampgosetup v0.0.16/go.mod h1:Acc+UTNUzJzI/0yjI0alg0cmbnAtdTv31A63/4MYPgM=
github.com/cjsmocjsmo/ampgosetup v0.0.17 h1:AxBvCrha+dCimkWH0dNPQyZ6fR+mkpkVx69FPgrXFUA=
github.com/cjsmocjsmo/ampgosetup v0.0.17/go.mod h1:Acc+UTNUzJzI/0yjI0alg0cmbnAtdTv31A63/4MYPgM=
github.com/cjsmocjsmo/ampgosetup v0.0.18 h1:YgN1kmml8tdLSAIz1FUgfvwJK0QEyB2eASXwq7p2AwQ=
github.com/cjsmocjsmo/ampgosetup v0.0.18/go.mod h1:Acc+UTNUzJzI/0yjI0alg0cmbnAtdTv31A63/4MYPgM=
github.com/cjsmocjsmo/ampgosetup v0.0.19 h1:F8y5rCaD75k4gg8dLBlNvAA9liq0S64Kq/IACjpyrBE=
github.com/cjsmocjsmo/ampgosetup v0.0.19/go.mod h1:Acc+UTNUzJzI/0yjI0alg0cmbnAtdTv31A63/4MYPgM=
github.com/cjsmocjsmo/ampgosetup v0.0.20 h1:dZ+HRpgcT09LF0C4L2dEy3j4Iq4DwopMf5qWBMBIspk=
github.com/cjsmocjsmo/ampgosetup v0.0.20/go.mod h1:Acc+UTNUzJzI/0yjI0alg0cmbnAtdTv31A63/4MYPgM=
github.com/cjsmocjsmo/ampgosetup v0.0.21 h1:gThcPiOD9me2WYjbNFBzbAMFxn0PYnkY1ytVGro6laY=
github.com/cjsmocjsmo/ampgosetup v0.0.21/go.mod h1:Acc+UTNUzJzI/0yjI0alg0cmbnAtdTv31A63/4MYPgM=
github.com/cjsmocjsmo/ampgosetup v0.0.22 h1:4N2QvMqccbbyQT4CyLqXOulZwv8JEHTFMiwsDDdsmGg=
github.com/cjsmocjsmo/ampgosetup v0.0.22/go.mod h1:Acc+UTNUzJzI/0yjI0alg0cmbnAtdTv31A63/4MYPgM=
github.com/cjsmocjsmo/ampgosetup v0.0.23 h1:Nv/wpzxdS3+VUu2OgZhl2jRanJVJZ+NJ2KL6L0Z+VaY=
github.com/cjsmocjsmo/ampgosetup v0.0.23/go.mod h1:Acc+UTNUzJzI/0yjI0alg0cmbnAtdTv31A63/4MYPgM=
github.com/cjsmocjsmo/ampgosetup v0.0.24 h1:CREhTc+Lh5Kcld1ELl20nkzNZnOF3Z1Z3guWBb9f0no=
github.com/cjsmocjsmo/ampgosetup v0.0.24/go.mod h1:Acc+UTNUzJzI/0yjI0alg0cmbnAtdTv31A63/4MYPgM=
github.com/cjsmocjsmo/ampgosetup v0.0.25 h1:yheSnXhfAnPKkyQbHYgr+j2GglhVA5n9YFWdutSUbXk=
github.com/cjsmocjsmo/ampgosetup v0.0.25/go.mod h1:Acc+UTNUzJzI/0yjI0alg0cmbnAtdTv31A63/4MYPgM=
github.com/cjsmocjsmo/ampgosetup v0.0.26 h1:awhkdZ0sUecBbNVBwT+yWZ0+7E0E33mf+Zg11MPcb/o=
github.com/cjsmocjsmo/ampgosetup v0.0.26/go.mod h1:Acc+UTNUzJzI/0yjI0alg0cmbnAtdTv31A63/4MYPgM=
github.com/cjsmocjsmo/ampgosetup v0.0.27 h1:LO7nbDojWKgE5LV/0a4VpkJO5Lvs7q+eBmitlfK0Qb8=
github.com/cjsmocjsmo/ampgosetup v0.0.27/go.mod h1:Acc+UTNUzJzI/0yjI0alg0cmbnAtdTv31A63/4MYPgM=
github.com/cjsmocjsmo/ampgosetup v0.0.28 h1:kRqe2sYKU8EYN+yXxYKfSSMvB7fzPdu+Rd8EKbqAIyk=
github.com/cjsmocjsmo/ampgosetup v0.0.28/go.mod h1:Acc+UTNUzJzI/0yjI0alg0cmbnAtdTv31A63/4MYPgM=
github.com/cjsmocjsmo/ampgosetup v0.0.29 h1:YjMvqBwsjd969sSSenJWv6dnzPwkjz/XWceKalNFZCk=
github.com/cjsmocjsmo/ampgosetup v0.0.29/go.mod h1:Acc+UTNUzJzI/0yjI0alg0cmbnAtdTv31A63/4MYPgM=
github.com/cjsmocjsmo/ampgosetup v0.0.30 h1:WifRYSoqW6cfcH+Xc1fMcCI69/t2TLEdupSfdjXdtaY=
github.com/cjsmocjsmo/ampgosetup v0.0.30/go.mod h1:Acc+UTNUzJzI/0yjI0alg0cmbnAtdTv31A63/4MYPgM=
github.com/cjsmocjsmo/ampgosetup v0.0.31 h1:Upj9VlTNRCmcGrHYPehqQ0jLi8+APSEOs4qRI7sjXKo=
github.com/cjsmocjsmo/ampgosetup v0.0.31/go.mod h1:Acc+UTNUzJzI/0yjI0alg0cmbnAtdTv31A63/4MYPgM=
github.com/cjsmocjsmo/ampgosetup v0.0.32 h1:gbg/2E/anzDO9TEGv0ax1X8jqqU4PHwpUyd1XOoFxng=
github.com/cjsmocjsmo/ampgosetup v0.0.32/go.mod h1:Acc+UTNUzJzI/0yjI0alg0cmbnAtdTv31A63/4MYPgM=
github.com/cjsmocjsmo/ampgosetup v0.0.33 h1:XoosLBykDss0rkkjKpjc8Se9JAoUfpDlEJ8rGY5cg6k=
github.com/cjsmocjsmo/ampgosetup v0.0.33/go.mod h1:Acc+UTNUzJzI/0yjI0alg0cmbnAtdTv31A63/4MYPgM=
github.com/cjsmocjsmo/ampgosetup v0.0.34 h1:mFlQtj2IcDLd/VYUKqxQd5WkbCjoYD6pwLqpl4VyXZs=
github.com/cjsmocjsmo/ampgosetup v0.0.34/go.mod h1:Acc+UTNUzJzI/0yjI0alg0cmbnAtdTv31A63/4MYPgM=
github.com/cjsmocjsmo/ampgosetup v0.0.35 h1:exrFc5YrpgNroyuBlZMLI2xABDh7urHjFjOvB7EQzaI=
github.com/cjsmocjsmo/ampgosetup v0.0.35/go.mod h1:Acc+UTNUzJzI/0yjI0alg0cmbnAtdTv31A63/4MYPgM=
github.com/cjsmocjsmo/ampgosetup v0.0.36 h1:5v8MSEckclxE/OEWxCkVJ8NaHfMpmO2xee1iKZ1hloA=
github.com/cjsmocjsmo/ampgosetup v0.0.36/go.mod h1:Acc+UTNUzJzI/0yjI0alg0cmbnAtdTv31A63/4MYPgM=
github.com/cjsmocjsmo/ampgosetup v0.0.37 h1:er0V0oth1IKErEM00Q645rodhik7TWG7CmS01MQXjrA=
github.com/cjsmocjsmo/ampgosetup v0.0.37/go.mod h1:Acc+UTNUzJzI/0yjI0alg0cmbnAtdTv31A63/4MYPgM=
github.com/cjsmocjsmo/ampgosetup v0.0.38 h1:q6c2Y+ZzBx0ehpfR/AYBu8kYH9ohjOFqirrYTrmFqW0=
github.com/cjsmocjsmo/ampgosetup v0.0.38/go.mod h1:Acc+UTNUzJzI/0yjI0alg0cmbnAtdTv31A63/4MYPgM=
github.com/cjsmocjsmo/ampgosetup v0.0.39 h1:BeQjKRYNvOlhdaCOhXue0SLnDg/fFfqzf16gLFxEWRI=
github.com/cjsmocjsmo/ampgosetup v0.0.39/go.mod h1:Acc+UTNUzJzI/0yjI0alg0cmbnAtdTv31A63/4MYPgM=
github.com/cjsmocjsmo/ampgosetup v0.0.40 h1:mRgutwF2M9jnEa24UpZVYiMAULyK3zYnKKytwoxY8aM=
github.com/cjsmocjsmo/ampgosetup v0.0.40/go.mod h1:Acc+UTNUzJzI/0yjI0alg0cmbnAtdTv31A63/4MYPgM=
github.com/cjsmocjsmo/ampgosetup v0.0.41 h1:X6kM3dABIye3dTIB5Bo/KjEL6VK7WGN+ZGVAjctd0ps=
github.com/cjsmocjsmo/ampgosetup v0.0.41/go.mod h1:Acc+UTNUzJzI/0yjI0alg0cmbnAtdTv31A63/4MYPgM=
github.com/cjsmocjsmo/ampgosetup v0.0.42 h1:wNZJxIzHBOWaPR2pXfK49S3jvqhT/DMTh1DVrgIuNeY=
github.com/cjsmocjsmo/ampgosetup v0.0.42/go.mod h1:Acc+UTNUzJzI/0yjI0alg0cmbnAtdTv31A63/4MYPgM=
github.com/cjsmocjsmo/ampgosetup v0.0.43 h1:5v70IgGjWFgDI8b+9pSk/HxJxSbFFU5HtiGlMiNowrw=
github.com/cjsmocjsmo/ampgosetup v0.0.43/go.mod h1:Acc+UTNUzJzI/0yjI0alg0cmbnAtdTv31A63/4MYPgM=
github.com/cjsmocjsmo/ampgosetup v0.0.44 h1:89Xjk8Ot0dKf0Zi/BmIbLHhk82FB2wiwZpbSDivt4yc=
github.com/cjsmocjsmo/ampgosetup v0.0.44/go.mod h1:Acc+UTNUzJzI/0yjI0alg0cmbnAtdTv31A63/4MYPgM=
github.com/cjsmocjsmo/ampgosetup v0.0.45 h1:bx3junfa5jee1n8j1mbbkvQnQTl6dMfUPudPVEuPYJM=
github.com/cjsmocjsmo/ampgosetup v0.0.45/go.mod h1:Acc+UTNUzJzI/0yjI0alg0cmbnAtdTv31A63/4MYPgM=
github.com/cjsmocjsmo/ampgosetup v0.0.46 h1:0s7j2ermAo6e9U4N4eRCoDJaIi++UGtGY3Hiuzdh2UE=
github.com/cjsmocjsmo/ampgosetup v0.0.46/go.mod h1:Acc+UTNUzJzI/0yjI0alg0cmbnAtdTv31A63/4MYPgM=
github.com/cjsmocjsmo/ampgosetup v0.0.47 h1:T6fKgGB609n9IcERGVJNdof/nJqEMIc4Yb71joJgEMA=
github.com/cjsmocjsmo/ampgosetup v0.0.47/go.mod h1:Acc+UTNUzJzI/0yjI0alg0cmbnAtdTv31A63/4MYPgM=
github.com/cjsmocjsmo/ampgosetup v0.0.48 h1:deJyJ72aPU8RBsOw2i/i3xaQGgDwQNpm3LYCv0mbSpg=
github.com/cjsmocjsmo/ampgosetup v0.0.48/go.mod h1:Acc+UTNUzJzI/0yjI0alg0cmbnAtdTv31A63/4MYPgM=
github.com/cjsmocjsmo/ampgosetup v0.0.49 h1:Q8HIrhUspWjv2uSkTfpxwmdaiBo1QLLtI8zm2fFemho=
github.com/cjsmocjsmo/ampgosetup v0.0.49/go.mod h1:Acc+UTNUzJzI/0yjI0alg0cmbnAtdTv31A63/4MYPgM=
github.com/cjsmocjsmo/ampgosetup v0.0.50 h1:mpRnlu0iWiJC8vJ8WnRzADYTwr58cD3JUXSO5t90q7g=
github.com/cjsmocjsmo/ampgosetup v0.0.50/go.mod h1:jso5SXbz2QIQJ/bMBGTYfX3Eo6HfYa8Oa0TzdKfZqpE=
github.com/cjsmocjsmo/ampgosetup v0.0.52 h1:mZ0FQTRo6nqUb+QGEcdVtzwxjSnnPAeOZOpbXGXseyo=
github.com/cjsmocjsmo/ampgosetup v0.0.52/go.mod h1:jso5SXbz2QIQJ/bMBGTYfX3Eo6HfYa8Oa0TzdKfZqpE=
github.com/cjsmocjsmo/ampgosetup v0.0.53 h1:D4zAdLnAB9+zUuYaPeHr+QgSAGp2IIhxSIgi53DMHJo=
github.com/cjsmocjsmo/ampgosetup v0.0.53/go.mod h1:jso5SXbz2QIQJ/bMBGTYfX3Eo6HfYa8Oa0TzdKfZqpE=
github.com/cjsmocjsmo/ampgosetup v0.0.54 h1:Y3TLFIlzcXpLQG7ZOpgB85dg/Lypwr+zdR3OxMPvwN4=
github.com/cjsmocjsmo/ampgosetup v0.0.54/go.mod h1:jso5SXbz2QIQJ/bMBGTYfX3Eo6HfYa8Oa0TzdKfZqpE=
github.com/cjsmocjsmo/ampgosetup v0.0.55 h1:ZPimCNAE0/WBmxYa82RZ70Yhl50+oIKZe6uIVuzntDc=
github.com/cjsmocjsmo/ampgosetup v0.0.55/go.mod h1:jso5SXbz2QIQJ/bMBGTYfX3Eo6HfYa8Oa0TzdKfZqpE=
github.com/cjsmocjsmo/ampgosetup v0.0.56 h1:J6BLRgWjXRcxuN4X+S1Zm4hmELvH19xqEYY2WV6qfzA=
github.com/cjsmocjsmo/ampgosetup v0.0.56/go.mod h1:jso5SXbz2QIQJ/bMBGTYfX3Eo6HfYa8Oa0TzdKfZqpE=
github.com/cjsmocjsmo/ampgosetup v0.0.57 h1:WXVyjqsEV1p5yhgIXZRlvczraN/y03CLZhj+/iSeUvY=
github.com/cjsmocjsmo/ampgosetup v0.0.57/go.mod h1:jso5SXbz2QIQJ/bMBGTYfX3Eo6HfYa8Oa0TzdKfZqpE=
github.com/cjsmocjsmo/ampgosetup v0.0.58 h1:VdxZjs2AeOcSFBOPer6WAU/DQUAsxjqQxLrOkKcRE8o=
github.com/cjsmocjsmo/ampgosetup v0.0.58/go.mod h1:jso5SXbz2QIQJ/bMBGTYfX3Eo6HfYa8Oa0TzdKfZqpE=
github.com/cjsmocjsmo/ampgosetup v0.0.59 h1:smHat12cYnlnpipRFqD5Ign1tjxPil8ERaRH32EqjKc=
github.com/cjsmocjsmo/ampgosetup v0.0.59/go.mod h1:jso5SXbz2QIQJ/bMBGTYfX3Eo6HfYa8Oa0TzdKfZqpE=
github.com/cjsmocjsmo/ampgosetup v0.0.60 h1:6mnhtA5OqeIaNsuibUQFgmRB81x/JEa+ggMZ2qdM96s=
github.com/cjsmocjsmo/ampgosetup v0.0.60/go.mod h1:jso5SXbz2QIQJ/bMBGTYfX3Eo6HfYa8Oa0TzdKfZqpE=
github.com/cjsmocjsmo/ampgosetup v0.0.61 h1:nglfDElyS361sR+W3WYzQkecdX1bZkQnQltlnq/3eSI=
github.com/cjsmocjsmo/ampgosetup v0.0.61/go.mod h1:jso5SXbz2QIQJ/bMBGTYfX3Eo6HfYa8Oa0TzdKfZqpE=
github.com/cjsmocjsmo/ampgosetup v0.0.62 h1:Rko3ut23CVsOo0q+QT5MGAehCWZdpGGBtSbiBCgQvFk=
github.com/cjsmocjsmo/ampgosetup v0.0.62/go.mod h1:jso5SXbz2QIQJ/bMBGTYfX3Eo6HfYa8Oa0TzdKfZqpE=
github.com/cjsmocjsmo/ampgosetup v0.0.63 h1:7329JU6anDg29n3qyNy6VueASGWXpVfbSEhuNvpRxaQ=
github.com/cjsmocjsmo/ampgosetup v0.0.63/go.mod h1:jso5SXbz2QIQJ/bMBGTYfX3Eo6HfYa8Oa0TzdKfZqpE=
github.com/cjsmocjsmo/ampgosetup v0.0.64 h1:9X0swRuLWvhXMyq9E6MVpGn37tZAZG+e/BNDHX6dZ3g=
github.com/cjsmocjsmo/ampgosetup v0.0.64/go.mod h1:jso5SXbz2QIQJ/bMBGTYfX3Eo6HfYa8Oa0TzdKfZqpE=
github.com/cjsmocjsmo/ampgosetup v0.0.65 h1:xgcWEPNAthP9HHiaVmUeeQrPkpoGbxw83fsVRqdg9Yg=
github.com/cjsmocjsmo/ampgosetup v0.0.65/go.mod h1:jso5SXbz2QIQJ/bMBGTYfX3Eo6HfYa8Oa0TzdKfZqpE=
github.com/cjsmocjsmo/ampgosetup v0.0.66 h1:Rj6Nmm4WwNjObsuRubHXG6LWq3bQafZm4AZ0xVn1GPk=
github.com/cjsmocjsmo/ampgosetup v0.0.66/go.mod h1:jso5SXbz2QIQJ/bMBGTYfX3Eo6HfYa8Oa0TzdKfZqpE=
github.com/cjsmocjsmo/ampgosetup v0.0.67 h1:mGK7LmEcHah2qtpB/6u+8OYYO6XYRkCrJQ3YpAxATtg=
github.com/cjsmocjsmo/ampgosetup v0.0.67/go.mod h1:jso5SXbz2QIQJ/bMBGTYfX3Eo6HfYa8Oa0TzdKfZqpE=
github.com/cjsmocjsmo/ampgosetup v0.0.68 h1:VFeJOMvIp/jioVr7cnnp5DJ7jXAFay+bii5JG5kH5ZY=
github.com/cjsmocjsmo/ampgosetup v0.0.68/go.mod h1:jso5SXbz2QIQJ/bMBGTYfX3Eo6HfYa8Oa0TzdKfZqpE=
github.com/cjsmocjsmo/ampgosetup v0.0.69 h1:45L+kphHNdLX6o+HyGT5iknhA2vvEJTZ2YW8hlqfKw8=
github.com/cjsmocjsmo/ampgosetup v0.0.69/go.mod h1:jso5SXbz2QIQJ/bMBGTYfX3Eo6HfYa8Oa0TzdKfZqpE=
github.com/cjsmocjsmo/ampgosetup v0.0.70 h1:XFdYPBDa0fVwTmR8TA+x95mCVCtF7/erRoNaSeqd6zQ=
github.com/cjsmocjsmo/ampgosetup v0.0.70/go.mod h1:jso5SXbz2QIQJ/bMBGTYfX3Eo6HfYa8Oa0TzdKfZqpE=
github.com/cjsmocjsmo/ampgosetup v0.0.71 h1:KGBTcBbTJFjHY/jw5j1n4LMTeE/QOV18xA0XIWfzvCM=
github.com/cjsmocjsmo/ampgosetup v0.0.71/go.mod h1:jso5SXbz2QIQJ/bMBGTYfX3Eo6HfYa8Oa0TzdKfZqpE=
github.com/cjsmocjsmo/ampgosetup v0.0.72 h1:kX0vWg/0rRLxYEVGnyOGpPBmCKoFhQQae1VYjHCkcVY=
github.com/cjsmocjsmo/ampgosetup v0.0.72/go.mod h1:jso5SXbz2QIQJ/bMBGTYfX3Eo6HfYa8Oa0TzdKfZqpE=
github.com/cjsmocjsmo/ampgosetup v0.0.73 h1:zWj2yBGj0EF7QBEgF6CV6tuEaBgkxkvf46Ht5NP7qfI=
github.com/cjsmocjsmo/ampgosetup v0.0.73/go.mod h1:jso5SXbz2QIQJ/bMBGTYfX3Eo6HfYa8Oa0TzdKfZqpE=
github.com/cjsmocjsmo/ampgosetup v0.0.74 h1:VOXOVCD6+TkssNe+p7bcJxnTEpYxsLKAlx9N7LqpAUM=
github.com/cjsmocjsmo/ampgosetup v0.0.74/go.mod h1:jso5SXbz2QIQJ/bMBGTYfX3Eo6HfYa8Oa0TzdKfZqpE=
github.com/cjsmocjsmo/ampgosetup v0.0.75 h1:npESOUgnes2qaTHps6qX2h6Aql0q3GUYhSdwdIm7WRs=
github.com/cjsmocjsmo/ampgosetup v0.0.75/go.mod h1:jso5SXbz2QIQJ/bMBGTYfX3Eo6HfYa8Oa0TzdKfZqpE=
github.com/cjsmocjsmo/ampgosetup v0.0.76 h1:kUU65HA7rhWaZJmG8lKFnzpCB/2sKSmbyw75gIbUKKs=
github.com/cjsmocjsmo/ampgosetup v0.0.76/go.mod h1:jso5SXbz2QIQJ/bMBGTYfX3Eo6HfYa8Oa0TzdKfZqpE=
github.com/cjsmocjsmo/ampgosetup v0.0.77 h1:dNKFE3/qQNRShFx6HLVvAo08DdotQKqasi0cvZUs1iI=
github.com/cjsmocjsmo/ampgosetup v0.0.77/go.mod h1:jso5SXbz2QIQJ/bMBGTYfX3Eo6HfYa8Oa0TzdKfZqpE=
github.com/cjsmocjsmo/ampgosetup v0.0.78 h1:EJiwIoceIJN93E6n5G1/2eP2fmAjTajtO1OcZRC85jc=
github.com/cjsmocjsmo/ampgosetup v0.0.78/go.mod h1:jso5SXbz2QIQJ/bMBGTYfX3Eo6HfYa8Oa0TzdKfZqpE=
github.com/cjsmocjsmo/ampgosetup v0.0.79 h1:WybknnLvRwtZxG17A13+BGRjVdBTToO7RRdFXTqNPMA=
github.com/cjsmocjsmo/ampgosetup v0.0.79/go.mod h1:jso5SXbz2QIQJ/bMBGTYfX3Eo6HfYa8Oa0TzdKfZqpE=
github.com/cjsmocjsmo/ampgosetup v0.0.80 h1:9fvu5MXUb5B3d3lnYZxE8dpGfPoPDlK6o+dYOOta60s=
github.com/cjsmocjsmo/ampgosetup v0.0.80/go.mod h1:jso5SXbz2QIQJ/bMBGTYfX3Eo6HfYa8Oa0TzdKfZqpE=
github.com/cjsmocjsmo/ampgosetup v0.0.81 h1:Wx8BHB1hVzpu4rsQMJFiIkib9b0YifAZPXV6RPpIz/M=
github.com/cjsmocjsmo/ampgosetup v0.0.81/go.mod h1:jso5SXbz2QIQJ/bMBGTYfX3Eo6HfYa8Oa0TzdKfZqpE=
github.com/cjsmocjsmo/ampgosetup v0.0.82 h1:aJXrT+Ta7iP4IbGBW5/UwFA91fviW0jxEVXyMrTUekw=
github.com/cjsmocjsmo/ampgosetup v0.0.82/go.mod h1:jso5SXbz2QIQJ/bMBGTYfX3Eo6HfYa8Oa0TzdKfZqpE=
github.com/cjsmocjsmo/ampgosetup v0.0.83 h1:5aU/PnczNHmf1Aek7/SnqTiWkc4IOT5FHqkF/c0PYTw=
github.com/cjsmocjsmo/ampgosetup v0.0.83/go.mod h1:jso5SXbz2QIQJ/bMBGTYfX3Eo6HfYa8Oa0TzdKfZqpE=
github.com/cjsmocjsmo/ampgosetup v0.0.84 h1:/MSeqUzXCoM5i4Ufi04bQ/hXS34AgKst3lRpwYQ78ug=
github.com/cjsmocjsmo/ampgosetup v0.0.84/go.mod h1:jso5SXbz2QIQJ/bMBGTYfX3Eo6HfYa8Oa0TzdKfZqpE=
github.com/cjsmocjsmo/ampgosetup v0.0.85 h1:PaSN2KObZ7nfEy7Jot+zoD/auZFx4su0K49UpOLsKk0=
github.com/cjsmocjsmo/ampgosetup v0.0.85/go.mod h1:jso5SXbz2QIQJ/bMBGTYfX3Eo6HfYa8Oa0TzdKfZqpE=
github.com/cjsmocjsmo/ampgosetup v0.0.86 h1:mreAShfvz75VJZ1pcaj+u33v6mJ1zxYKGoEWkaKQUeE=
github.com/cjsmocjsmo/ampgosetup v0.0.86/go.mod h1:jso5SXbz2QIQJ/bMBGTYfX3Eo6HfYa8Oa0TzdKfZqpE=
github.com/cjsmocjsmo/ampgosetup v0.0.87 h1:zRlhcjjjX+e1YEaLPsyvx8LhCKe+Sx6lZhXeHn8w7lA=
github.com/cjsmocjsmo/ampgosetup v0.0.87/go.mod h1:jso5SXbz2QIQJ/bMBGTYfX3Eo6HfYa8Oa0TzdKfZqpE=
github.com/cjsmocjsmo/ampgosetup v0.0.88 h1:JtiKHqWrlJ6K8xcQdj+El3WznYBrQbTBuQs0NxvFjYU=
github.com/cjsmocjsmo/ampgosetup v0.0.88/go.mod h1:jso5SXbz2QIQJ/bMBGTYfX3Eo6HfYa8Oa0TzdKfZqpE=
github.com/cjsmocjsmo/ampgosetup v0.0.89 h1:hHLzLbhQd9QZE5xZ0jTXst4nmWgewduMWMcS4rrtGU4=
github.com/cjsmocjsmo/ampgosetup v0.0.89/go.mod h1:jso5SXbz2QIQJ/bMBGTYfX3Eo6HfYa8Oa0TzdKfZqpE=
github.com/cjsmocjsmo/ampgosetup v0.0.90 h1:jdbloGNdIixd9FAXII+qH68SuNzeK0QK1RtetZ1fXG4=
github.com/cjsmocjsmo/ampgosetup v0.0.90/go.mod h1:jso5SXbz2QIQJ/bMBGTYfX3Eo6HfYa8Oa0TzdKfZqpE=
github.com/cjsmocjsmo/ampgosetup v0.0.91 h1:A9BpCKDpYGayF2lOKE+btQrL+s1P+ArETss1gxLALoc=
github.com/cjsmocjsmo/ampgosetup v0.0.91/go.mod h1:jso5SXbz2QIQJ/bMBGTYfX3Eo6HfYa8Oa0TzdKfZqpE=
github.com/cjsmocjsmo/ampgosetup v0.0.92 h1:2C9WQ/bqcMlGy35rp+XUOHjKw+nzqIEtgM1dpVvV6sY=
github.com/cjsmocjsmo/ampgosetup v0.0.92/go.mod h1:jso5SXbz2QIQJ/bMBGTYfX3Eo6HfYa8Oa0TzdKfZqpE=
github.com/cjsmocjsmo/ampgosetup v0.0.93 h1:xwnk3zutMVE8Npi0UrOXWr1GkYWgfLr4TMzJgFbso/0=
github.com/cjsmocjsmo/ampgosetup v0.0.93/go.mod h1:jso5SXbz2QIQJ/bMBGTYfX3Eo6HfYa8Oa0TzdKfZqpE=
github.com/cjsmocjsmo/ampgosetup v0.0.94 h1:svWJ7Ivxqxuv8bXjcVZ2ifXcYf3MMzbV1dnBjWVAypw=
github.com/cjsmocjsmo/ampgosetup v0.0.94/go.mod h1:jso5SXbz2QIQJ/bMBGTYfX3Eo6HfYa8Oa0TzdKfZqpE=
github.com/cjsmocjsmo/ampgosetup v0.0.95 h1:9cAm+03AwGYEvFZrtQABr5ZvWWmEgRkPX3cMH5ZZJH4=
github.com/cjsmocjsmo/ampgosetup v0.0.95/go.mod h1:jso5SXbz2QIQJ/bMBGTYfX3Eo6HfYa8Oa0TzdKfZqpE=
github.com/cjsmocjsmo/ampgosetup v0.0.96 h1:GCZpFK8DTyOnGxU0JXw4VnAkBcKmJ368M972VEXOlK0=
github.com/cjsmocjsmo/ampgosetup v0.0.96/go.mod h1:jso5SXbz2QIQJ/bMBGTYfX3Eo6HfYa8Oa0TzdKfZqpE=
github.com/cjsmocjsmo/ampgosetup v0.0.97 h1:6i+72PDvvK+tJKNEKIDFbN3HNa0gzNcmSdjZx6wNQ30=
github.com/cjsmocjsmo/ampgosetup v0.0.97/go.mod h1:jso5SXbz2QIQJ/bMBGTYfX3Eo6HfYa8Oa0TzdKfZqpE=
github.com/cjsmocjsmo/ampgosetup v0.0.98 h1:U4q6M5Veha6hm2hOx98Ktt0ZnWUQUHLT330P39CYMJI=
github.com/cjsmocjsmo/ampgosetup v0.0.98/go.mod h1:jso5SXbz2QIQJ/bMBGTYfX3Eo6HfYa8Oa0TzdKfZqpE=
github.com/cjsmocjsmo/ampgosetup v0.0.99 h1:K5HO2Bd7d2pPj+wMMF737pUj0kJ5H5N4pApH0O8GxSo=
github.com/cjsmocjsmo/ampgosetup v0.0.99/go.mod h1:jso5SXbz2QIQJ/bMBGTYfX3Eo6HfYa8Oa0TzdKfZqpE=
github.com/cjsmocjsmo/ampgosetup v0.0.100 h1:bX7L1XVwkDdmBshqRVSeSqlEo2RYdhvCBMO5hkr8C4Y=
github.com/cjsmocjsmo/ampgosetup v0.0.100/go.mod h1:jso5SXbz2QIQJ/bMBGTYfX3Eo6HfYa8Oa0TzdKfZqpE=
github.com/cjsmocjsmo/ampgosetup v0.0.101 h1:ewckP1U1kOL/gZkoPIIabGbHyrCsAlqSbVHRKViNttI=
github.com/cjsmocjsmo/ampgosetup v0.0.101/go.mod h1:jso5SXbz2QIQJ/bMBGTYfX3Eo6HfYa8Oa0TzdKfZqpE=
github.com/cjsmocjsmo/ampgosetup v0.0.102 h1:oNbYBDS9TtWeKS1mGKuXDmexLtH5+guCLshWl9XrXAo=
github.com/cjsmocjsmo/ampgosetup v0.0.102/go.mod h1:jso5SXbz2QIQJ/bMBGTYfX3Eo6HfYa8Oa0TzdKfZqpE=
github.com/cjsmocjsmo/ampgosetup v0.0.103 h1:yViTTpbenKF1seOazDcLvJm9Xy3mdxJMSBFvgOBpKoM=
github.com/cjsmocjsmo/ampgosetup v0.0.103/go.mod h1:jso5SXbz2QIQJ/bMBGTYfX3Eo6HfYa8Oa0TzdKfZqpE=
github.com/cjsmocjsmo/ampgosetup v0.0.104 h1:+ZbaOCQL1r4FdDB/LR/YU30wyDEGhss1bvq93rOCnO0=
github.com/cjsmocjsmo/ampgosetup v0.0.104/go.mod h1:jso5SXbz2QIQJ/bMBGTYfX3Eo6HfYa8Oa0TzdKfZqpE=
github.com/cjsmocjsmo/ampgosetup v0.0.105 h1:xLnmfRtFLp/BkCX5nYQxwCo032sWcli1x0NKrycAjoM=
github.com/cjsmocjsmo/ampgosetup v0.0.105/go.mod h1:jso5SXbz2QIQJ/bMBGTYfX3Eo6HfYa8Oa0TzdKfZqpE=
github.com/cjsmocjsmo/ampgosetup v0.0.106 h1:gqwQFTBZdfuvubhfiYSvAQdRC4zW9fy+BscBhSnr04A=
github.com/cjsmocjsmo/ampgosetup v0.0.106/go.mod h1:jso5SXbz2QIQJ/bMBGTYfX3Eo6HfYa8Oa0TzdKfZqpE=
github.com/cjsmocjsmo/ampgosetup v0.0.107 h1:wPw23Y+2vIejIYMoOuvXRuqhclix/LqB7mT6iBAiuys=
github.com/cjsmocjsmo/ampgosetup v0.0.107/go.mod h1:jso5SXbz2QIQJ/bMBGTYfX3Eo6HfYa8Oa0TzdKfZqpE=
github.com/cjsmocjsmo/ampgosetup v0.0.108 h1:w96q3h5rc9VZSOxHF/T1SkQmnPpSBl4qn9DlxBhSY+c=
github.com/cjsmocjsmo/ampgosetup v0.0.108/go.mod h1:jso5SXbz2QIQJ/bMBGTYfX3Eo6HfYa8Oa0TzdKfZqpE=
github.com/cjsmocjsmo/ampgosetup v0.0.109 h1:7vKe5GQZ7QBzDP8cj5oiWXf7urjlwwuZVAKk4YBy308=
github.com/cjsmocjsmo/ampgosetup v0.0.109/go.mod h1:jso5SXbz2QIQJ/bMBGTYfX3Eo6HfYa8Oa0TzdKfZqpE=
github.com/cjsmocjsmo/ampgosetup v0.0.110 h1:aPh0aa1VyhAvicUPBaCwbktxVtBGKraVCzyJcPmrpyg=
github.com/cjsmocjsmo/ampgosetup v0.0.110/go.mod h1:jso5SXbz2QIQJ/bMBGTYfX3Eo6HfYa8Oa0TzdKfZqpE=
github.com/cjsmocjsmo/ampgosetup v0.0.111 h1:g4K3Cdk4FJArwFL3/hmn2DjC8bzDiFIf612WQ5qDKWc=
github.com/cjsmocjsmo/ampgosetup v0.0.111/go.mod h1:jso5SXbz2QIQJ/bMBGTYfX3Eo6HfYa8Oa0TzdKfZqpE=
github.com/cjsmocjsmo/ampgosetup v0.1.0 h1:TniIX9jX0b84Vz3rSlzVBGTZJ88aoxMYBvZWtjR6jOs=
github.com/cjsmocjsmo/ampgosetup v0.1.0/go.mod h1:jso5SXbz2QIQJ/bMBGTYfX3Eo6HfYa8Oa0TzdKfZqpE=
github.com/cjsmocjsmo/ampgosetup v0.1.1 h1:DQksXps68+HS2/jobTUqDbBUSBBjfFTswZtuy5pcVTU=
github.com/cjsmocjsmo/ampgosetup v0.1.1/go.mod h1:jso5SXbz2QIQJ/bMBGTYfX3Eo6HfYa8Oa0TzdKfZqpE=
github.com/cjsmocjsmo/ampgosetup v0.1.2 h1:Krv47pH1zD/0qWWUSe9Q8MbEO+INpdO6bcCWoSUKNLA=
github.com/cjsmocjsmo/ampgosetup v0.1.2/go.mod h1:jso5SXbz2QIQJ/bMBGTYfX3Eo6HfYa8Oa0TzdKfZqpE=
github.com/cjsmocjsmo/ampgosetup v0.1.3 h1:R0vZEPGnj5jsaihCL2GLtaNRE9TNWxADy3R+s3q14+0=
github.com/cjsmocjsmo/ampgosetup v0.1.3/go.mod h1:jso5SXbz2QIQJ/bMBGTYfX3Eo6HfYa8Oa0TzdKfZqpE=
github.com/cjsmocjsmo/ampgosetup v0.1.4 h1:4pEfpaK1EFy7VsdoQczPUAa5rpgV/TQxAxSsUrhdS20=
github.com/cjsmocjsmo/ampgosetup v0.1.4/go.mod h1:jso5SXbz2QIQJ/bMBGTYfX3Eo6HfYa8Oa0TzdKfZqpE=
github.com/cjsmocjsmo/ampgosetup v0.1.5 h1:ab2jocvLtacTgVD8JZUdrLuOD7hO0+1jk59rj3ql/3c=
github.com/cjsmocjsmo/ampgosetup v0.1.5/go.mod h1:jso5SXbz2QIQJ/bMBGTYfX3Eo6HfYa8Oa0TzdKfZqpE=
github.com/cjsmocjsmo/ampgosetup v0.1.6 h1:4jaaivkYLzlGjxhedWBdcgCP73DMgIm812N80HFwanE=
github.com/cjsmocjsmo/ampgosetup v0.1.6/go.mod h1:jso5SXbz2QIQJ/bMBGTYfX3Eo6HfYa8Oa0TzdKfZqpE=
github.com/cjsmocjsmo/ampgosetup v0.1.7 h1:3O/SiBkD/jsm0ItapHM154cS8Ksg7yHtOOaT7MayFys=
github.com/cjsmocjsmo/ampgosetup v0.1.7/go.mod h1:jso5SXbz2QIQJ/bMBGTYfX3Eo6HfYa8Oa0TzdKfZqpE=
github.com/cjsmocjsmo/ampgosetup v0.1.8 h1:XbBuWN3GUJyQVBQ5wmkV5K7lZsZuMYIBNmyCjE1fhN0=
github.com/cjsmocjsmo/ampgosetup v0.1.8/go.mod h1:jso5SXbz2QIQJ/bMBGTYfX3Eo6HfYa8Oa0TzdKfZqpE=
github.com/cjsmocjsmo/ampgosetup v0.1.9 h1:DEQGNivj2e6sR8+x1avZZLcgAeqxsRg9bsT29bWBbb0=
github.com/cjsmocjsmo/ampgosetup v0.1.9/go.mod h1:jso5SXbz2QIQJ/bMBGTYfX3Eo6HfYa8Oa0TzdKfZqpE=
github.com/cjsmocjsmo/ampgosetup v0.1.10 h1:L62RwJ/FwKyyGWaK2LbzvutHNZTnn6L1K/1EAa3zeQw=
github.com/cjsmocjsmo/ampgosetup v0.1.10/go.mod h1:jso5SXbz2QIQJ/bMBGTYfX3Eo6HfYa8Oa0TzdKfZqpE=
github.com/cjsmocjsmo/ampgosetup v0.1.11 h1:673JZu81uscOCQyKWQtzvVqR66lRbX48wFf0JIv9JXg=
github.com/cjsmocjsmo/ampgosetup v0.1.11/go.mod h1:jso5SXbz2QIQJ/bMBGTYfX3Eo6HfYa8Oa0TzdKfZqpE=
github.com/cjsmocjsmo/ampgosetup v0.1.12 h1:PvtlVDMpM8oUr7EwrZGDOOq5K2VYhc5zdWknX2ZsAns=
github.com/cjsmocjsmo/ampgosetup v0.1.12/go.mod h1:jso5SXbz2QIQJ/bMBGTYfX3Eo6HfYa8Oa0TzdKfZqpE=
github.com/cjsmocjsmo/ampgosetup v0.1.13 h1:m+gVbSGkBEcsO7z09pxE4+qXM7jeOxl8bCnRHogQDh8=
github.com/cjsmocjsmo/ampgosetup v0.1.13/go.mod h1:jso5SXbz2QIQJ/bMBGTYfX3Eo6HfYa8Oa0TzdKfZqpE=
github.com/cjsmocjsmo/ampgosetup v0.1.14 h1:NHoXudCr0jz9Cc0wwc6prc1YJAlH0YThdaRuC0+P3Bk=
github.com/cjsmocjsmo/ampgosetup v0.1.14/go.mod h1:jso5SXbz2QIQJ/bMBGTYfX3Eo6HfYa8Oa0TzdKfZqpE=
github.com/cjsmocjsmo/ampgosetup v0.1.15 h1:W9YLIYYzaN+vyBcCXrOnBPeoLyZuHaqqCSWIYtSbjuA=
github.com/cjsmocjsmo/ampgosetup v0.1.15/go.mod h1:jso5SXbz2QIQJ/bMBGTYfX3Eo6HfYa8Oa0TzdKfZqpE=
github.com/cjsmocjsmo/ampgosetup v0.1.16 h1:aVXiac3xT0IZEsn/rtXWBzRAT6caR5AkX9E18SSgJow=
github.com/cjsmocjsmo/ampgosetup v0.1.16/go.mod h1:jso5SXbz2QIQJ/bMBGTYfX3Eo6HfYa8Oa0TzdKfZqpE=
github.com/cjsmocjsmo/ampgosetup v0.1.17 h1:L0zKKwvnrwr1OPG1S+1Xt4sm1MTsMl/8u4USu9K6wvE=
github.com/cjsmocjsmo/ampgosetup v0.1.17/go.mod h1:jso5SXbz2QIQJ/bMBGTYfX3Eo6HfYa8Oa0TzdKfZqpE=
github.com/cjsmocjsmo/ampgosetup v0.1.18 h1:U3qd54JxYhaGg8bnwHHTmCRUugToWzotqooG9xEvDQE=
github.com/cjsmocjsmo/ampgosetup v0.1.18/go.mod h1:jso5SXbz2QIQJ/bMBGTYfX3Eo6HfYa8Oa0TzdKfZqpE=
github.com/cjsmocjsmo/ampgosetup v0.1.19 h1:8+n+wZpaPnekVFEphvx//tZCWXFfC4ou1VBR1WUdrdY=
github.com/cjsmocjsmo/ampgosetup v0.1.19/go.mod h1:jso5SXbz2QIQJ/bMBGTYfX3Eo6HfYa8Oa0TzdKfZqpE=
github.com/cjsmocjsmo/ampgosetup v0.1.20 h1:i3TjM64eSOzJBJkBNZbs12J9n8vUJyPuS/bJn3GYuCw=
github.com/cjsmocjsmo/ampgosetup v0.1.20/go.mod h1:jso5SXbz2QIQJ/bMBGTYfX3Eo6HfYa8Oa0TzdKfZqpE=
github.com/cjsmocjsmo/ampgosetup v0.1.21 h1:MvZs4eajXk/5EajJNKym4RQQ3yud4rjvUSGEIR3eVG4=
github.com/cjsmocjsmo/ampgosetup v0.1.21/go.mod h1:jso5SXbz2QIQJ/bMBGTYfX3Eo6HfYa8Oa0TzdKfZqpE=
github.com/cjsmocjsmo/ampgosetup v0.1.22 h1:7i/foqeMNsHy1AHblkJJhTAktuJZe35sqVLsdZo6/4U=
github.com/cjsmocjsmo/ampgosetup v0.1.22/go.mod h1:jso5SXbz2QIQJ/bMBGTYfX3Eo6HfYa8Oa0TzdKfZqpE=
github.com/cjsmocjsmo/ampgosetup v0.1.23 h1:82X0ijfayquR6JPaa6qwxsxii4La9Fmq4yHatjgI8VY=
github.com/cjsmocjsmo/ampgosetup v0.1.23/go.mod h1:jso5SXbz2QIQJ/bMBGTYfX3Eo6HfYa8Oa0TzdKfZqpE=
github.com/cjsmocjsmo/ampgosetup v0.1.24 h1:UU/ca+mzreH3UZy8oKgLUts2kZBREmtW9SetX4DQzMs=
github.com/cjsmocjsmo/ampgosetup v0.1.24/go.mod h1:jso5SXbz2QIQJ/bMBGTYfX3Eo6HfYa8Oa0TzdKfZqpE=
github.com/cjsmocjsmo/ampgosetup v0.1.25 h1:34QRB4/vU+7jtMhoMYHzU0Cm152XpUqgAwwtxWXU/kQ=
github.com/cjsmocjsmo/ampgosetup v0.1.25/go.mod h1:jso5SXbz2QIQJ/bMBGTYfX3Eo6HfYa8Oa0TzdKfZqpE=
github.com/cjsmocjsmo/ampgosetup v0.1.26 h1:H3k3aSSemcKwKwbS2BWvBugFKf3K46+/JPrJIhbCFyQ=
github.com/cjsmocjsmo/ampgosetup v0.1.26/go.mod h1:jso5SXbz2QIQJ/bMBGTYfX3Eo6HfYa8Oa0TzdKfZqpE=
github.com/cjsmocjsmo/ampgosetup v0.1.27 h1:m0N9RacWcxpxmRbQZB0xpXI8t9dBIM65C1EFG639vLQ=
github.com/cjsmocjsmo/ampgosetup v0.1.27/go.mod h1:jso5SXbz2QIQJ/bMBGTYfX3Eo6HfYa8Oa0TzdKfZqpE=
github.com/cjsmocjsmo/ampgosetup v0.1.28 h1:Nw32YcOio3T2hxTxyioRPksnZJDrMemsV9hbYuTVqZk=
github.com/cjsmocjsmo/ampgosetup v0.1.28/go.mod h1:jso5SXbz2QIQJ/bMBGTYfX3Eo6HfYa8Oa0TzdKfZqpE=
github.com/cjsmocjsmo/ampgosetup v0.1.29 h1:tfjm6akAY5Ef63M6KHJ2MrRISW6+jCCQZrWN+PGkuck=
github.com/cjsmocjsmo/ampgosetup v0.1.29/go.mod h1:jso5SXbz2QIQJ/bMBGTYfX3Eo6HfYa8Oa0TzdKfZqpE=
github.com/cjsmocjsmo/ampgosetup v0.1.30 h1:i8x3fbtWXY7OKkS+TGHx3+6QpcJESUhb0H/1INqfhqo=
github.com/cjsmocjsmo/ampgosetup v0.1.30/go.mod h1:jso5SXbz2QIQJ/bMBGTYfX3Eo6HfYa8Oa0TzdKfZqpE=
github.com/cjsmocjsmo/ampgosetup v0.1.31 h1:oF3EJC8zq+RTjwJnrLqJDc7WzAoRVyBTUz+W+zg3dTQ=
github.com/cjsmocjsmo/ampgosetup v0.1.31/go.mod h1:jso5SXbz2QIQJ/bMBGTYfX3Eo6HfYa8Oa0TzdKfZqpE=
github.com/cjsmocjsmo/ampgosetup v0.1.32 h1:sutBww1xUy8HLAFrAoaS0pvX6lecEyxxgI53WRJZoEM=
github.com/cjsmocjsmo/ampgosetup v0.1.32/go.mod h1:jso5SXbz2QIQJ/bMBGTYfX3Eo6HfYa8Oa0TzdKfZqpE=
github.com/cjsmocjsmo/ampgosetup v0.1.33 h1:1PbwqPqAtXZ+lzX3V+t0ezBRz0rNUp7e3ZgzgUgzpzs=
github.com/cjsmocjsmo/ampgosetup v0.1.33/go.mod h1:jso5SXbz2QIQJ/bMBGTYfX3Eo6HfYa8Oa0TzdKfZqpE=
github.com/cjsmocjsmo/ampgosetup v0.1.34 h1:8VnAgbwUnRMLGtIOF9WjczWskiGTVyP7oAaIvxWzFLA=
github.com/cjsmocjsmo/ampgosetup v0.1.34/go.mod h1:jso5SXbz2QIQJ/bMBGTYfX3Eo6HfYa8Oa0TzdKfZqpE=
github.com/cjsmocjsmo/ampgosetup v0.1.35 h1:5qdBdJsE66G+12LgFn06EuXs5bzowQjDVyKLksFdBKg=
github.com/cjsmocjsmo/ampgosetup v0.1.35/go.mod h1:jso5SXbz2QIQJ/bMBGTYfX3Eo6HfYa8Oa0TzdKfZqpE=
github.com/cjsmocjsmo/ampgosetup v0.1.36 h1:kpMXYdfdOhNX8wP0MdrRXsgClaj21uT6FeVoXINbahA=
github.com/cjsmocjsmo/ampgosetup v0.1.36/go.mod h1:jso5SXbz2QIQJ/bMBGTYfX3Eo6HfYa8Oa0TzdKfZqpE=
github.com/cjsmocjsmo/ampgosetup v0.1.37 h1:Qa2rAm6aoJ1ya5wS1io05pkrhqx9R7uh0U4ygRR8pGQ=
github.com/cjsmocjsmo/ampgosetup v0.1.37/go.mod h1:jso5SXbz2QIQJ/bMBGTYfX3Eo6HfYa8Oa0TzdKfZqpE=
github.com/cjsmocjsmo/ampgosetup v0.2.0 h1:jsqUn07orU2z5cvumFRXS6e4t9duCUpF7OKzD2d1aR4=
github.com/cjsmocjsmo/ampgosetup v0.2.0/go.mod h1:jso5SXbz2QIQJ/bMBGTYfX3Eo6HfYa8Oa0TzdKfZqpE=
github.com/cjsmocjsmo/ampgosetup v0.2.1 h1:jVBraoCNfu9bg5Zyi662gRuVhIcShPzFqWTRlxMZX+c=
github.com/cjsmocjsmo/ampgosetup v0.2.1/go.mod h1:jso5SXbz2QIQJ/bMBGTYfX3Eo6HfYa8Oa0TzdKfZqpE=
github.com/cjsmocjsmo/ampgosetup v0.2.2 h1:wHImf/N2O3ZCLljqFgesy4Eitw7UQ25tVvRXhOihds4=
github.com/cjsmocjsmo/ampgosetup v0.2.2/go.mod h1:jso5SXbz2QIQJ/bMBGTYfX3Eo6HfYa8Oa0TzdKfZqpE=
github.com/cjsmocjsmo/ampgosetup v0.2.3 h1:b3SQCRytTk95S8zP8XzKpssreqcxoz4nWxZyul7duoI=
github.com/cjsmocjsmo/ampgosetup v0.2.3/go.mod h1:jso5SXbz2QIQJ/bMBGTYfX3Eo6HfYa8Oa0TzdKfZqpE=
github.com/cjsmocjsmo/ampgosetup v0.2.4 h1:dgygNbTYHpmG/oiy3K+cEur3+PMaVP95PPZ36k1FUzU=
github.com/cjsmocjsmo/ampgosetup v0.2.4/go.mod h1:jso5SXbz2QIQJ/bMBGTYfX3Eo6HfYa8Oa0TzdKfZqpE=
github.com/cjsmocjsmo/ampgosetup v0.2.5 h1:2gHDwyVCBurUR5HKG5zbVtcrB1AIqW4DAm7B03W7+KQ=
github.com/cjsmocjsmo/ampgosetup v0.2.5/go.mod h1:jso5SXbz2QIQJ/bMBGTYfX3Eo6HfYa8Oa0TzdKfZqpE=
github.com/cjsmocjsmo/ampgosetup v0.2.6 h1:Gy0633N0z/75qntfMooqbWb446TjOu/Vn1SGsZOUx5Y=
github.com/cjsmocjsmo/ampgosetup v0.2.6/go.mod h1:jso5SXbz2QIQJ/bMBGTYfX3Eo6HfYa8Oa0TzdKfZqpE=
github.com/cjsmocjsmo/ampgosetup v0.2.7 h1:Yr2OelxUQvZ+NRNueGq16cZfMDhK9rF570vbhQVDbeA=
github.com/cjsmocjsmo/ampgosetup v0.2.7/go.mod h1:jso5SXbz2QIQJ/bMBGTYfX3Eo6HfYa8Oa0TzdKfZqpE=
github.com/cjsmocjsmo/ampgosetup v0.2.8 h1:hnOYMh5cQ2vken7cic66j51QF1tMLO+UuX5qcQLv2C8=
github.com/cjsmocjsmo/ampgosetup v0.2.8/go.mod h1:jso5SXbz2QIQJ/bMBGTYfX3Eo6HfYa8Oa0TzdKfZqpE=
github.com/cjsmocjsmo/ampgosetup v0.2.9 h1:KPDj7gomq8Yy1wEpcHkQdZnsTHGLbHkVPfaS+F+oCnw=
github.com/cjsmocjsmo/ampgosetup v0.2.9/go.mod h1:jso5SXbz2QIQJ/bMBGTYfX3Eo6HfYa8Oa0TzdKfZqpE=
github.com/cjsmocjsmo/ampgosetup v0.3.0 h1:OizCpSy39dQJIBzrVX4R+ZaHH86uEK/Q2edaG8PU8Bw=
github.com/cjsmocjsmo/ampgosetup v0.3.0/go.mod h1:jso5SXbz2QIQJ/bMBGTYfX3Eo6HfYa8Oa0TzdKfZqpE=
github.com/cjsmocjsmo/ampgosetup v0.3.1 h1:xCQTc0tXvA4dA7n/u7o2CuPiBObfpHVr7au5N0W+kOI=
github.com/cjsmocjsmo/ampgosetup v0.3.1/go.mod h1:jso5SXbz2QIQJ/bMBGTYfX3Eo6HfYa8Oa0TzdKfZqpE=
github.com/cjsmocjsmo/ampgosetup v0.3.2 h1:FR/PhmMpPBBvKY8UwhN8PXhSPVgmtf5Hcm1D3YxM9ok=
github.com/cjsmocjsmo/ampgosetup v0.3.2/go.mod h1:jso5SXbz2QIQJ/bMBGTYfX3Eo6HfYa8Oa0TzdKfZqpE=
github.com/cjsmocjsmo/ampgosetup v0.3.3 h1:azmGsa5AbluNgbDLkT0/k2XIx2CRQP41/shiywmh6JI=
github.com/cjsmocjsmo/ampgosetup v0.3.3/go.mod h1:jso5SXbz2QIQJ/bMBGTYfX3Eo6HfYa8Oa0TzdKfZqpE=
github.com/cjsmocjsmo/ampgosetup v0.3.4 h1:3Dl3ne/VKoTpezQkpS/Lr1bdm56e9qS5nNNTCrRvMTI=
github.com/cjsmocjsmo/ampgosetup v0.3.4/go.mod h1:jso5SXbz2QIQJ/bMBGTYfX3Eo6HfYa8Oa0TzdKfZqpE=
github.com/cjsmocjsmo/ampgosetup v0.3.5 h1:Bcc9E4SaKs90tQyQp3wNAZSCmG6KqNaJ6TBdsLYyWA8=
github.com/cjsmocjsmo/ampgosetup v0.3.5/go.mod h1:jso5SXbz2QIQJ/bMBGTYfX3Eo6HfYa8Oa0TzdKfZqpE=
github.com/cjsmocjsmo/ampgosetup v0.3.6 h1:+DnmvccwCb62pnoQoAGaEyKrVb+hqzXgAE3IrIEqCSQ=
github.com/cjsmocjsmo/ampgosetup v0.3.6/go.mod h1:jso5SXbz2QIQJ/bMBGTYfX3Eo6HfYa8Oa0TzdKfZqpE=
github.com/cjsmocjsmo/ampgosetup v0.3.8 h1:2YY7sFR/uzBSmyQG2EthbZnX86ArdXLm8AoZ4L6j/Kw=
github.com/cjsmocjsmo/ampgosetup v0.3.8/go.mod h1:jso5SXbz2QIQJ/bMBGTYfX3Eo6HfYa8Oa0TzdKfZqpE=
github.com/cjsmocjsmo/ampgosetup v0.3.9 h1:d3790p71bznQWOoM1LCMN918VjKw23riXz/uSFbt69M=
github.com/cjsmocjsmo/ampgosetup v0.3.9/go.mod h1:jso5SXbz2QIQJ/bMBGTYfX3Eo6HfYa8Oa0TzdKfZqpE=
github.com/cjsmocjsmo/ampgosetup v0.4.0 h1:ZAr5jR6sANJ8bYUdfpxB5j+JlVZ/ZZtrwwZ13cR3lvA=
github.com/cjsmocjsmo/ampgosetup v0.4.0/go.mod h1:jso5SXbz2QIQJ/bMBGTYfX3Eo6HfYa8Oa0TzdKfZqpE=
github.com/cjsmocjsmo/ampgosetup v0.4.1 h1:5mx9Z1JKosrqH1FLiLiEhgoCEvbHTWqBxej5gSNZwZg=
github.com/cjsmocjsmo/ampgosetup v0.4.1/go.mod h1:jso5SXbz2QIQJ/bMBGTYfX3Eo6HfYa8Oa0TzdKfZqpE=
github.com/cjsmocjsmo/ampgosetup v0.4.2 h1:s2deI2icoOgnS4JBy0i/H+sf9CQcOiA8rRvWmX6GzH8=
github.com/cjsmocjsmo/ampgosetup v0.4.2/go.mod h1:jso5SXbz2QIQJ/bMBGTYfX3Eo6HfYa8Oa0TzdKfZqpE=
github.com/cjsmocjsmo/ampgosetup v0.4.3 h1:1jdMDai2NfZOKCMwcxeq9RjLH6ZnB7EcSxcyi+NoLpY=
github.com/cjsmocjsmo/ampgosetup v0.4.3/go.mod h1:jso5SXbz2QIQJ/bMBGTYfX3Eo6HfYa8Oa0TzdKfZqpE=
github.com/cjsmocjsmo/ampgosetup v0.4.4 h1:lC4EZa/r9xeSAewubBz57tcRFDzqsxPBO8mZwFPnfPs=
github.com/cjsmocjsmo/ampgosetup v0.4.4/go.mod h1:jso5SXbz2QIQJ/bMBGTYfX3Eo6HfYa8Oa0TzdKfZqpE=
github.com/cjsmocjsmo/ampgosetup v0.4.5 h1:/R0ylroQuAiZhGcEQazC/WhROyGEnusBrSubs0Cwcdw=
github.com/cjsmocjsmo/ampgosetup v0.4.5/go.mod h1:jso5SXbz2QIQJ/bMBGTYfX3Eo6HfYa8Oa0TzdKfZqpE=
github.com/cjsmocjsmo/ampgosetup v0.4.7 h1:grdOZeqnI8jtkygjWaEPGQl+YgwRnlxf3FHRUXAdBs0=
github.com/cjsmocjsmo/ampgosetup v0.4.7/go.mod h1:jso5SXbz2QIQJ/bMBGTYfX3Eo6HfYa8Oa0TzdKfZqpE=
github.com/davecgh/go-spew v1.1.0/go.mod h1:J7Y8YcW2NihsgmVo/mv3lAwl/skON4iLHjSsI+c5H38=
github.com/davecgh/go-spew v1.1.1/go.mod h1:J7Y8YcW2NihsgmVo/mv3lAwl/skON4iLHjSsI+c5H38=
github.com/disintegration/imaging v1.6.2 h1:w1LecBlG2Lnp8B3jk5zSuNqd7b4DXhcjwek1ei82L+c=
github.com/disintegration/imaging v1.6.2/go.mod h1:44/5580QXChDfwIclfc/PCwrr44amcmDAg8hxG0Ewe4=
github.com/felixge/httpsnoop v1.0.1 h1:lvB5Jl89CsZtGIWuTcDM1E/vkVs49/Ml7JJe07l8SPQ=
github.com/felixge/httpsnoop v1.0.1/go.mod h1:m8KPJKqk1gH5J9DgRY2ASl2lWCfGKXixSwevea8zH2U=
github.com/globalsign/mgo v0.0.0-20181015135952-eeefdecb41b8 h1:DujepqpGd1hyOd7aW59XpK7Qymp8iy83xq74fLr21is=
github.com/globalsign/mgo v0.0.0-20181015135952-eeefdecb41b8/go.mod h1:xkRDCp4j0OGD1HRkm4kmhM+pmpv3AKq5SU7GMg4oO/Q=
github.com/go-stack/stack v1.8.0 h1:5SgMzNM5HxrEjV0ww2lTmX6E2Izsfxas4+YHWRs3Lsk=
github.com/go-stack/stack v1.8.0/go.mod h1:v0f6uXyyMGvRgIKkXu+yp6POWl0qKG85gN/melR3HDY=
github.com/gobuffalo/attrs v0.0.0-20190224210810-a9411de4debd/go.mod h1:4duuawTqi2wkkpB4ePgWMaai6/Kc6WEz83bhFwpHzj0=
github.com/gobuffalo/depgen v0.0.0-20190329151759-d478694a28d3/go.mod h1:3STtPUQYuzV0gBVOY3vy6CfMm/ljR4pABfrTeHNLHUY=
github.com/gobuffalo/depgen v0.1.0/go.mod h1:+ifsuy7fhi15RWncXQQKjWS9JPkdah5sZvtHc2RXGlg=
github.com/gobuffalo/envy v1.6.15/go.mod h1:n7DRkBerg/aorDM8kbduw5dN3oXGswK5liaSCx4T5NI=
github.com/gobuffalo/envy v1.7.0/go.mod h1:n7DRkBerg/aorDM8kbduw5dN3oXGswK5liaSCx4T5NI=
github.com/gobuffalo/flect v0.1.0/go.mod h1:d2ehjJqGOH/Kjqcoz+F7jHTBbmDb38yXA598Hb50EGs=
github.com/gobuffalo/flect v0.1.1/go.mod h1:8JCgGVbRjJhVgD6399mQr4fx5rRfGKVzFjbj6RE/9UI=
github.com/gobuffalo/flect v0.1.3/go.mod h1:8JCgGVbRjJhVgD6399mQr4fx5rRfGKVzFjbj6RE/9UI=
github.com/gobuffalo/genny v0.0.0-20190329151137-27723ad26ef9/go.mod h1:rWs4Z12d1Zbf19rlsn0nurr75KqhYp52EAGGxTbBhNk=
github.com/gobuffalo/genny v0.0.0-20190403191548-3ca520ef0d9e/go.mod h1:80lIj3kVJWwOrXWWMRzzdhW3DsrdjILVil/SFKBzF28=
github.com/gobuffalo/genny v0.1.0/go.mod h1:XidbUqzak3lHdS//TPu2OgiFB+51Ur5f7CSnXZ/JDvo=
github.com/gobuffalo/genny v0.1.1/go.mod h1:5TExbEyY48pfunL4QSXxlDOmdsD44RRq4mVZ0Ex28Xk=
github.com/gobuffalo/gitgen v0.0.0-20190315122116-cc086187d211/go.mod h1:vEHJk/E9DmhejeLeNt7UVvlSGv3ziL+djtTr3yyzcOw=
github.com/gobuffalo/gogen v0.0.0-20190315121717-8f38393713f5/go.mod h1:V9QVDIxsgKNZs6L2IYiGR8datgMhB577vzTDqypH360=
github.com/gobuffalo/gogen v0.1.0/go.mod h1:8NTelM5qd8RZ15VjQTFkAW6qOMx5wBbW4dSCS3BY8gg=
github.com/gobuffalo/gogen v0.1.1/go.mod h1:y8iBtmHmGc4qa3urIyo1shvOD8JftTtfcKi+71xfDNE=
github.com/gobuffalo/logger v0.0.0-20190315122211-86e12af44bc2/go.mod h1:QdxcLw541hSGtBnhUc4gaNIXRjiDppFGaDqzbrBd3v8=
github.com/gobuffalo/mapi v1.0.1/go.mod h1:4VAGh89y6rVOvm5A8fKFxYG+wIW6LO1FMTG9hnKStFc=
github.com/gobuffalo/mapi v1.0.2/go.mod h1:4VAGh89y6rVOvm5A8fKFxYG+wIW6LO1FMTG9hnKStFc=
github.com/gobuffalo/packd v0.0.0-20190315124812-a385830c7fc0/go.mod h1:M2Juc+hhDXf/PnmBANFCqx4DM3wRbgDvnVWeG2RIxq4=
github.com/gobuffalo/packd v0.1.0/go.mod h1:M2Juc+hhDXf/PnmBANFCqx4DM3wRbgDvnVWeG2RIxq4=
github.com/gobuffalo/packr/v2 v2.0.9/go.mod h1:emmyGweYTm6Kdper+iywB6YK5YzuKchGtJQZ0Odn4pQ=
github.com/gobuffalo/packr/v2 v2.2.0/go.mod h1:CaAwI0GPIAv+5wKLtv8Afwl+Cm78K/I/VCm/3ptBN+0=
github.com/gobuffalo/syncx v0.0.0-20190224160051-33c29581e754/go.mod h1:HhnNqWY95UYwwW3uSASeV7vtgYkT2t16hJgV3AEPUpw=
github.com/golang/snappy v0.0.1 h1:Qgr9rKW7uDUkrbSmQeiDsGa8SjGyCOGtuasMWwvp2P4=
github.com/golang/snappy v0.0.1/go.mod h1:/XxbfmMg8lxefKM7IXC3fBNl/7bRcc72aCRzEWrmP2Q=
github.com/google/go-cmp v0.5.2/go.mod h1:v8dTdLbMG2kIc/vJvl+f65V22dbkXbowE6jgT/gNBxE=
github.com/gorilla/handlers v1.5.1 h1:9lRY6j8DEeeBT10CvO9hGW0gmky0BprnvDI5vfhUHH4=
github.com/gorilla/handlers v1.5.1/go.mod h1:t8XrUpc4KVXb7HGyJ4/cEnwQiaxrX/hz1Zv/4g96P1Q=
github.com/gorilla/mux v1.8.0 h1:i40aqfkR1h2SlN9hojwV5ZA91wcXFOvkdNIeFDP5koI=
github.com/gorilla/mux v1.8.0/go.mod h1:DVbg23sWSpFRCP0SfiEN6jmj59UnW/n46BH5rLB71So=
github.com/inconshreveable/mousetrap v1.0.0/go.mod h1:PxqpIevigyE2G7u3NXJIT2ANytuPF1OarO4DADm73n8=
github.com/joho/godotenv v1.3.0/go.mod h1:7hK45KPybAkOC6peb+G5yklZfMxEjkZhHbwpqxOKXbg=
github.com/karrick/godirwalk v1.8.0/go.mod h1:H5KPZjojv4lE+QYImBI8xVtrBRgYrIVsaRPx4tDPEn4=
github.com/karrick/godirwalk v1.10.3/go.mod h1:RoGL9dQei4vP9ilrpETWE8CLOZ1kiN0LhBygSwrAsHA=
github.com/klauspost/compress v1.9.5 h1:U+CaK85mrNNb4k8BNOfgJtJ/gr6kswUCFj6miSzVC6M=
github.com/klauspost/compress v1.9.5/go.mod h1:RyIbtBH6LamlWaDj8nUwkbUhJ87Yi3uG0guNDohfE1A=
github.com/konsorten/go-windows-terminal-sequences v1.0.1/go.mod h1:T0+1ngSBFLxvqU3pZ+m/2kptfBszLMUkC4ZK/EgS/cQ=
github.com/konsorten/go-windows-terminal-sequences v1.0.2/go.mod h1:T0+1ngSBFLxvqU3pZ+m/2kptfBszLMUkC4ZK/EgS/cQ=
github.com/kr/pretty v0.1.0/go.mod h1:dAy3ld7l9f0ibDNOQOHHMYYIIbhfbHSm3C4ZsoJORNo=
github.com/kr/pty v1.1.1/go.mod h1:pFQYn66WHrOpPYNljwOMqo10TkYh1fy3cYio2l3bCsQ=
github.com/kr/text v0.1.0/go.mod h1:4Jbv+DJW3UT/LiOwJeYQe1efqtUx/iVham/4vfdArNI=
github.com/markbates/oncer v0.0.0-20181203154359-bf2de49a0be2/go.mod h1:Ld9puTsIW75CHf65OeIOkyKbteujpZVXDpWK6YGZbxE=
github.com/markbates/safe v1.0.1/go.mod h1:nAqgmRi7cY2nqMc92/bSEeQA+R4OheNU2T1kNSCBdG0=
github.com/montanaflynn/stats v0.0.0-20171201202039-1bf9dbcd8cbe/go.mod h1:wL8QJuTMNUDYhXwkmfOly8iTdp5TEcJFWZD2D7SIkUc=
github.com/pelletier/go-toml v1.7.0/go.mod h1:vwGMzjaWMwyfHwgIBhI2YUM4fB6nL6lVAvS1LBMMhTE=
github.com/pkg/errors v0.8.0/go.mod h1:bwawxfHBFNV+L2hUp1rHADufV3IMtnDRdf1r5NINEl0=
github.com/pkg/errors v0.8.1/go.mod h1:bwawxfHBFNV+L2hUp1rHADufV3IMtnDRdf1r5NINEl0=
github.com/pkg/errors v0.9.1 h1:FEBLx1zS214owpjy7qsBeixbURkuhQAwrK5UwLGTwt4=
github.com/pkg/errors v0.9.1/go.mod h1:bwawxfHBFNV+L2hUp1rHADufV3IMtnDRdf1r5NINEl0=
github.com/pmezard/go-difflib v1.0.0/go.mod h1:iKH77koFhYxTK1pcRnkKkqfTogsbg7gZNVY4sRDYZ/4=
github.com/rogpeppe/go-internal v1.1.0/go.mod h1:M8bDsm7K2OlrFYOpmOWEs/qY81heoFRclV5y23lUDJ4=
github.com/rogpeppe/go-internal v1.2.2/go.mod h1:M8bDsm7K2OlrFYOpmOWEs/qY81heoFRclV5y23lUDJ4=
github.com/rogpeppe/go-internal v1.3.0/go.mod h1:M8bDsm7K2OlrFYOpmOWEs/qY81heoFRclV5y23lUDJ4=
github.com/sirupsen/logrus v1.4.0/go.mod h1:LxeOpSwHxABJmUn/MG1IvRgCAasNZTLOkJPxbbu5VWo=
github.com/sirupsen/logrus v1.4.1/go.mod h1:ni0Sbl8bgC9z8RoU9G6nDWqqs/fq4eDPysMBDgk/93Q=
github.com/sirupsen/logrus v1.4.2/go.mod h1:tLMulIdttU9McNUspp0xgXVQah82FyeX6MwdIuYE2rE=
github.com/spf13/cobra v0.0.3/go.mod h1:1l0Ry5zgKvJasoi3XT1TypsSe7PqH0Sj9dhYf7v3XqQ=
github.com/spf13/pflag v1.0.3/go.mod h1:DYY7MBk1bdzusC3SYhjObp+wFpr4gzcvqqNjLnInEg4=
github.com/stretchr/objx v0.1.0/go.mod h1:HFkY916IF+rwdDfMAkV7OtwuqBVzrE8GR6GFx+wExME=
github.com/stretchr/objx v0.1.1/go.mod h1:HFkY916IF+rwdDfMAkV7OtwuqBVzrE8GR6GFx+wExME=
github.com/stretchr/testify v1.2.2/go.mod h1:a8OnRcib4nhh0OaRAV+Yts87kKdq0PP7pXfy6kDkUVs=
github.com/stretchr/testify v1.3.0/go.mod h1:M5WIy9Dh21IEIfnGCwXGc5bZfKNJtfHm1UVUgZn+9EI=
github.com/stretchr/testify v1.6.1/go.mod h1:6Fq8oRcR53rry900zMqJjRRixrwX3KX962/h/Wwjteg=
github.com/tidwall/pretty v1.0.0/go.mod h1:XNkn88O1ChpSDQmQeStsy+sBenx6DDtFZJxhVysOjyk=
github.com/xdg-go/pbkdf2 v1.0.0 h1:Su7DPu48wXMwC3bs7MCNG+z4FhcyEuz5dlvchbq0B0c=
github.com/xdg-go/pbkdf2 v1.0.0/go.mod h1:jrpuAogTd400dnrH08LKmI/xc1MbPOebTwRqcT5RDeI=
github.com/xdg-go/scram v1.0.2 h1:akYIkZ28e6A96dkWNJQu3nmCzH3YfwMPQExUYDaRv7w=
github.com/xdg-go/scram v1.0.2/go.mod h1:1WAq6h33pAW+iRreB34OORO2Nf7qel3VV3fjBj+hCSs=
github.com/xdg-go/stringprep v1.0.2 h1:6iq84/ryjjeRmMJwxutI51F2GIPlP5BfTvXHeYjyhBc=
github.com/xdg-go/stringprep v1.0.2/go.mod h1:8F9zXuvzgwmyT5DUm4GUfZGDdT3W+LCvS6+da4O5kxM=
github.com/youmark/pkcs8 v0.0.0-20181117223130-1be2e3e5546d h1:splanxYIlg+5LfHAM6xpdFEAYOk8iySO56hMFq6uLyA=
github.com/youmark/pkcs8 v0.0.0-20181117223130-1be2e3e5546d/go.mod h1:rHwXgn7JulP+udvsHwJoVG1YGAP6VLg4y9I5dyZdqmA=
go.mongodb.org/mongo-driver v1.6.0 h1:ccc26ylcoRWJQRbjU7GvqfxNzwKcoIcEL3BPuFR/pJ0=
go.mongodb.org/mongo-driver v1.6.0/go.mod h1:Q4oFMbo1+MSNqICAdYMlC/zSTrwCogR4R8NzkI+yfU8=
go.mongodb.org/mongo-driver v1.7.0 h1:hHrvOBWlWB2c7+8Gh/Xi5jj82AgidK/t7KVXBZ+IyUA=
go.mongodb.org/mongo-driver v1.7.0/go.mod h1:Q4oFMbo1+MSNqICAdYMlC/zSTrwCogR4R8NzkI+yfU8=
golang.org/x/crypto v0.0.0-20180904163835-0709b304e793/go.mod h1:6SG95UA2DQfeDnfUPMdvaQW0Q7yPrPDi9nlGo2tz2b4=
golang.org/x/crypto v0.0.0-20190308221718-c2843e01d9a2/go.mod h1:djNgcEr1/C05ACkg1iLfiJU5Ep61QUkGW8qpdssI0+w=
golang.org/x/crypto v0.0.0-20190422162423-af44ce270edf/go.mod h1:WFFai1msRO1wXaEeE5yQxYXgSfI8pQAWXbQop6sCtWE=
golang.org/x/crypto v0.0.0-20200302210943-78000ba7a073 h1:xMPOj6Pz6UipU1wXLkrtqpHbR0AVFnyPEQq/wRWz9lM=
golang.org/x/crypto v0.0.0-20200302210943-78000ba7a073/go.mod h1:LzIPMQfyMNhhGPhUkYOs5KpL4U8rLKemX1yGLhDgUto=
golang.org/x/image v0.0.0-20191009234506-e7c1f5e7dbb8 h1:hVwzHzIUGRjiF7EcUjqNxk3NCfkPxbDKRdnNE1Rpg0U=
golang.org/x/image v0.0.0-20191009234506-e7c1f5e7dbb8/go.mod h1:FeLwcggjj3mMvU+oOTbSwawSJRM1uh48EjtB4UJZlP0=
golang.org/x/image v0.0.0-20210220032944-ac19c3e999fb h1:fqpd0EBDzlHRCjiphRR5Zo/RSWWQlWv34418dnEixWk=
golang.org/x/image v0.0.0-20210220032944-ac19c3e999fb/go.mod h1:FeLwcggjj3mMvU+oOTbSwawSJRM1uh48EjtB4UJZlP0=
golang.org/x/net v0.0.0-20190311183353-d8887717615a/go.mod h1:t9HGtf8HONx5eT2rtn7q6eTqICYqUVnKs3thJo3Qplg=
golang.org/x/net v0.0.0-20190404232315-eb5bcb51f2a3/go.mod h1:t9HGtf8HONx5eT2rtn7q6eTqICYqUVnKs3thJo3Qplg=
golang.org/x/sync v0.0.0-20190227155943-e225da77a7e6/go.mod h1:RxMgew5VJxzue5/jJTE5uejpjVlOe/izrB70Jof72aM=
golang.org/x/sync v0.0.0-20190412183630-56d357773e84/go.mod h1:RxMgew5VJxzue5/jJTE5uejpjVlOe/izrB70Jof72aM=
golang.org/x/sync v0.0.0-20190423024810-112230192c58/go.mod h1:RxMgew5VJxzue5/jJTE5uejpjVlOe/izrB70Jof72aM=
golang.org/x/sync v0.0.0-20190911185100-cd5d95a43a6e h1:vcxGaoTs7kV8m5Np9uUNQin4BrLOthgV7252N8V+FwY=
golang.org/x/sync v0.0.0-20190911185100-cd5d95a43a6e/go.mod h1:RxMgew5VJxzue5/jJTE5uejpjVlOe/izrB70Jof72aM=
golang.org/x/sys v0.0.0-20180905080454-ebe1bf3edb33/go.mod h1:STP8DvDyc/dI5b8T5hshtkjS+E42TnysNCUPdjciGhY=
golang.org/x/sys v0.0.0-20190215142949-d0b11bdaac8a/go.mod h1:STP8DvDyc/dI5b8T5hshtkjS+E42TnysNCUPdjciGhY=
golang.org/x/sys v0.0.0-20190403152447-81d4e9dc473e/go.mod h1:h1NjWce9XRLGQEsW7wpKNCjG9DtNlClVuFLEZdDNbEs=
golang.org/x/sys v0.0.0-20190412213103-97732733099d/go.mod h1:h1NjWce9XRLGQEsW7wpKNCjG9DtNlClVuFLEZdDNbEs=
golang.org/x/sys v0.0.0-20190419153524-e8e3143a4f4a/go.mod h1:h1NjWce9XRLGQEsW7wpKNCjG9DtNlClVuFLEZdDNbEs=
golang.org/x/sys v0.0.0-20190422165155-953cdadca894/go.mod h1:h1NjWce9XRLGQEsW7wpKNCjG9DtNlClVuFLEZdDNbEs=
golang.org/x/sys v0.0.0-20190531175056-4c3a928424d2/go.mod h1:h1NjWce9XRLGQEsW7wpKNCjG9DtNlClVuFLEZdDNbEs=
golang.org/x/text v0.3.0/go.mod h1:NqM8EUOU14njkJ3fqMW+pc6Ldnwhi/IjpwHt7yyuwOQ=
golang.org/x/text v0.3.2 h1:tW2bmiBqwgJj/UpqtC8EpXEZVYOwU0yG4iWbprSVAcs=
golang.org/x/text v0.3.2/go.mod h1:bEr9sfX3Q8Zfm5fL9x+3itogRgK3+ptLWKqgva+5dAk=
golang.org/x/text v0.3.5 h1:i6eZZ+zk0SOf0xgBpEpPD18qWcJda6q1sxt3S0kzyUQ=
golang.org/x/text v0.3.5/go.mod h1:5Zoc/QRtKVWzQhOtBMvqHzDpF6irO9z98xDceosuGiQ=
golang.org/x/tools v0.0.0-20180917221912-90fa682c2a6e/go.mod h1:n7NCudcB/nEzxVGmLbDWY5pfWTLqBcC2KZ6jyYvM4mQ=
golang.org/x/tools v0.0.0-20190329151228-23e29df326fe/go.mod h1:LCzVGOaR6xXOjkQ3onu1FJEFr0SW1gC7cKk1uF8kGRs=
golang.org/x/tools v0.0.0-20190416151739-9c9e1878f421/go.mod h1:LCzVGOaR6xXOjkQ3onu1FJEFr0SW1gC7cKk1uF8kGRs=
golang.org/x/tools v0.0.0-20190420181800-aa740d480789/go.mod h1:LCzVGOaR6xXOjkQ3onu1FJEFr0SW1gC7cKk1uF8kGRs=
golang.org/x/tools v0.0.0-20190531172133-b3315ee88b7d/go.mod h1:/rFqwRUd4F7ZHNgwSSTFct+R/Kf4OFW1sUzUTQQTgfc=
golang.org/x/xerrors v0.0.0-20191204190536-9bdfabe68543/go.mod h1:I/5z698sn9Ka8TeJc9MKroUUfqBBauWjQqLJ2OPfmY0=
gopkg.in/check.v1 v0.0.0-20161208181325-20d25e280405/go.mod h1:Co6ibVJAznAaIkqp8huTwlJQCZ016jof/cbN4VW5Yz0=
gopkg.in/check.v1 v1.0.0-20180628173108-788fd7840127/go.mod h1:Co6ibVJAznAaIkqp8huTwlJQCZ016jof/cbN4VW5Yz0=
gopkg.in/errgo.v2 v2.1.0/go.mod h1:hNsd1EY+bozCKY1Ytp96fpM3vjJbqLJn88ws8XvfDNI=
gopkg.in/mgo.v2 v2.0.0-20190816093944-a6b53ec6cb22 h1:VpOs+IwYnYBaFnrNAeB8UUWtL3vEUnzSCL1nVjPhqrw=
gopkg.in/mgo.v2 v2.0.0-20190816093944-a6b53ec6cb22/go.mod h1:yeKp02qBN3iKW1OzL3MGk2IdtZzaj7SFntXj72NppTA=
gopkg.in/yaml.v2 v2.2.8/go.mod h1:hI93XBmqTisBFMUTm0b8Fm+jr3Dg1NNxqwp+5A1VGuI=
gopkg.in/yaml.v3 v3.0.0-20200313102051-9f266ea9e77c/go.mod h1:K4uyk7z7BCEPqu6E+C64Yfv1cQ7kz7rIZviUmN+EgEM=
